{
  "nodes": {
    "brew-src": {
      "flake": false,
      "locked": {
        "lastModified": 1788591592,
        "narHash": "sha256-NbwVKwKLFl0oXub7oPjvmDaOygCtV2oboeKTu4xXFTk=",
        "owner": "Homebrew",
        "repo": "brew",
        "rev": "08e85c4e42f5d8f1ea17c36cb59cf61c2ccb26c3",
        "type": "github"
      },
      "original": {
        "owner": "Homebrew",
        "ref": "6.0.22",
        "repo": "brew",
        "type": "github"
      }
    },
    "catppuccin": {
      "inputs": {
        "nixpkgs": "nixpkgs"
      },
      "locked": {
        "lastModified": 1787752705,
        "narHash": "sha256-9eJSxncX01i6tV/yushVG0+JadQhdll+aNfyDT3YvWg=",
        "owner": "catppuccin",
        "repo": "nix",
        "rev": "30ad3b76f1b20ed045d1dfd10ac2f3d89ff1df50",
        "type": "github"
      },
      "original": {
        "owner": "catppuccin",
        "ref": "release-26.05",
        "repo": "nix",
        "type": "github"
      }
    },
    "darwin": {
      "inputs": {
        "nixpkgs": [
          "nixpkgs"
        ]
      },
      "locked": {
        "lastModified": 1783744694,
        "narHash": "sha256-2cp6N3rrwnGYLTx9l6N+NI+kwrCWxvJUbj5WJhvB29A=",
        "owner": "nix-darwin",
        "repo": "nix-darwin",
        "rev": "c3e90c89649b07d1a96e4b9dd6cd0d6e44b91a74",
        "type": "github"
      },
      "original": {
        "owner": "nix-darwin",
        "ref": "nix-darwin-26.05",
        "repo": "nix-darwin",
        "type": "github"
      }
    },
    "determinate": {
      "inputs": {
        "determinate-nixd-aarch64-darwin": "determinate-nixd-aarch64-darwin",
        "determinate-nixd-aarch64-linux": "determinate-nixd-aarch64-linux",
        "determinate-nixd-x86_64-linux": "determinate-nixd-x86_64-linux",
        "nix": "nix",
        "nixpkgs": "nixpkgs_3"
      },
      "locked": {
        "lastModified": 1789584060,
        "narHash": "sha256-A+iFbEYyaJWofl/6qQfy/AIeCt5ZtsW0LQuBBc6chJ8=",
        "rev": "3ab752595b32fcbc26c7f41d56b981f6040b8f73",
        "revCount": 437,
        "type": "tarball",
        "url": "https://api.flakehub.com/f/pinned/DeterminateSystems/determinate/3.22.4/01a0ab89-3f48-7431-bc33-a237e427dd15/source.tar.gz"
      },
      "original": {
        "type": "tarball",
        "url": "https://flakehub.com/f/DeterminateSystems/determinate/3"
      }
    },
    "determinate-nixd-aarch64-darwin": {
      "flake": false,
      "locked": {
        "narHash": "sha256-/8e6N/ShxEtHAGJKpSXYRBEaueBrc5vSEgVa6oYAzSs=",
        "type": "file",
        "url": "https://install.determinate.systems/determinate-nixd/tag/v3.22.4/macOS"
      },
      "original": {
        "type": "file",
        "url": "https://install.determinate.systems/determinate-nixd/tag/v3.22.4/macOS"
      }
    },
    "determinate-nixd-aarch64-linux": {
      "flake": false,
      "locked": {
        "narHash": "sha256-aKcxSVg5IfaZhrxbhyekJO2qTt3HF2SXARmmssb4sYI=",
        "type": "file",
        "url": "https://install.determinate.systems/determinate-nixd/tag/v3.22.4/aarch64-linux"
      },
      "original": {
        "type": "file",
        "url": "https://install.determinate.systems/determinate-nixd/tag/v3.22.4/aarch64-linux"
      }
    },
    "determinate-nixd-x86_64-linux": {
      "flake": false,
      "locked": {
        "narHash": "sha256-sUT+hI1ebQn/cuUc3bNCpT7vDNw9xoJfoYZ4MNqUhjA=",
        "type": "file",
        "url": "https://install.determinate.systems/determinate-nixd/tag/v3.22.4/x86_64-linux"
      },
      "original": {
        "type": "file",
        "url": "https://install.determinate.systems/determinate-nixd/tag/v3.22.4/x86_64-linux"
      }
    },
    "flake-compat": {
      "flake": false,
      "locked": {
        "lastModified": 1767039857,
        "narHash": "sha256-vNpUSpF5Nuw8xvDLj2KCwwksIbjua2LZCqhV1LNRDns=",
        "owner": "NixOS",
        "repo": "flake-compat",
        "rev": "5edf11c44bc78a0d334f6334cdaf7d60d732daab",
        "type": "github"
      },
      "original": {
        "owner": "NixOS",
        "repo": "flake-compat",
        "type": "github"
      }
    },
    "flake-parts": {
      "inputs": {
        "nixpkgs-lib": [
          "determinate",
          "nix",
          "nixpkgs"
        ]
      },
      "locked": {
        "lastModified": 1782949081,
        "narHash": "sha256-vp6Y/Grm98ESt6ceOkWiHWyZRDV3J1RID4w+6NWK9yA=",
        "rev": "17c9d6cdfc60c64f4ee8d306f9bc0b4ccb51481e",
        "revCount": 480,
        "type": "tarball",
        "url": "https://api.flakehub.com/f/pinned/hercules-ci/flake-parts/0.1.480%2Brev-17c9d6cdfc60c64f4ee8d306f9bc0b4ccb51481e/019f2195-dee5-7233-9747-eca0c27f7406/source.tar.gz"
      },
      "original": {
        "type": "tarball",
        "url": "https://flakehub.com/f/hercules-ci/flake-parts/0.1"
      }
    },
    "flake-parts_2": {
      "inputs": {
        "nixpkgs-lib": [
          "nixvim",
          "nixpkgs"
        ]
      },
      "locked": {
        "lastModified": 1788450739,
        "narHash": "sha256-glZLQlzIn1fXH6PazR2iUmTo7kzzyYSshrWhLS9TqCU=",
        "owner": "hercules-ci",
        "repo": "flake-parts",
        "rev": "31729ca8cbdb4fa927b34e5f4353e6a83f39e993",
        "type": "github"
      },
      "original": {
        "owner": "hercules-ci",
        "repo": "flake-parts",
        "type": "github"
      }
    },
    "git-hooks-nix": {
      "inputs": {
        "flake-compat": "flake-compat",
        "nixpkgs": [
          "determinate",
          "nix",
          "nixpkgs"
        ]
      },
      "locked": {
        "lastModified": 1784288435,
        "narHash": "sha256-ReRHaLgr/uVqdD8afFSn+myXIfpHeOhP0yYe0TJqAA8=",
        "rev": "43b3c1ab9d40fb1dbb008f451988a91e375825e9",
        "revCount": 1231,
        "type": "tarball",
        "url": "https://api.flakehub.com/f/pinned/cachix/git-hooks.nix/0.1.1231%2Brev-43b3c1ab9d40fb1dbb008f451988a91e375825e9/019f7135-8fdf-76f0-b1a1-d2c67e91af8d/source.tar.gz"
      },
      "original": {
        "type": "tarball",
        "url": "https://flakehub.com/f/cachix/git-hooks.nix/0.1.941"
      }
    },
    "home-manager": {
      "inputs": {
        "nixpkgs": [
          "nixpkgs"
        ]
      },
      "locked": {
        "lastModified": 1789267039,
        "narHash": "sha256-LWiBv9yAYFi2LPbUhDGHPGKYskJQjj2fw12OlyO1uQo=",
        "owner": "nix-community",
        "repo": "home-manager",
        "rev": "ec172013fa62135f58fb58dd17ae9651e8f39727",
        "type": "github"
      },
      "original": {
        "owner": "nix-community",
        "ref": "release-26.05",
        "repo": "home-manager",
        "type": "github"
      }
    },
    "homebrew-claude-history": {
      "flake": false,
      "locked": {
        "lastModified": 1789538101,
        "narHash": "sha256-iuVIQ3MG1FgrfRRqumg++r7UTF5zbNtu6r+fMuUzBqU=",
        "owner": "raine",
        "repo": "homebrew-claude-history",
        "rev": "8ed9675afc08581ff9ab5bd37cc502abb8ee623b",
        "type": "github"
      },
      "original": {
        "owner": "raine",
        "repo": "homebrew-claude-history",
        "type": "github"
      }
    },
    "homebrew-fuse-t": {
      "flake": false,
      "locked": {
        "lastModified": 1780488840,
        "narHash": "sha256-OOnbHdOhWeuxAPI65FKT7x0lqNBseBAyVv3KSMrdroc=",
        "owner": "macos-fuse-t",
        "repo": "homebrew-cask",
        "rev": "940387c1877e390d4cc4e3f5c6f23c82fa32c4b1",
        "type": "github"
      },
      "original": {
        "owner": "macos-fuse-t",
        "repo": "homebrew-cask",
        "type": "github"
      }
    },
    "homebrew-nikitabobko": {
      "flake": false,
      "locked": {
        "lastModified": 1788650992,
        "narHash": "sha256-UtBXjrHvfrPikHajq1SECV+Jc9bwmbbUc/bE37D8Xck=",
        "owner": "nikitabobko",
        "repo": "homebrew-tap",
        "rev": "9ac0bfc08904719c52a63101fa7e1e133a23bda2",
        "type": "github"
      },
      "original": {
        "owner": "nikitabobko",
        "repo": "homebrew-tap",
        "type": "github"
      }
    },
    "nix": {
      "inputs": {
        "flake-parts": "flake-parts",
        "git-hooks-nix": "git-hooks-nix",
        "nixpkgs": "nixpkgs_2",
        "nixpkgs-23-11": "nixpkgs-23-11",
        "nixpkgs-regression": "nixpkgs-regression"
      },
      "locked": {
        "lastModified": 1789578229,
        "narHash": "sha256-hN4Bk5CgfFUom5CCnXVdlgQbXDK3dIXRoPSumpRrru4=",
        "rev": "1c948117a75081b103af16befa58b575ddc2721f",
        "revCount": 27337,
        "type": "tarball",
        "url": "https://api.flakehub.com/f/pinned/DeterminateSystems/nix-src/3.22.4/01a0ab55-58cd-7c10-a762-ee271bdb1b57/source.tar.gz"
      },
      "original": {
        "type": "tarball",
        "url": "https://flakehub.com/f/DeterminateSystems/nix-src/%2A"
      }
    },
    "nix-homebrew": {
      "inputs": {
        "brew-src": "brew-src"
      },
      "locked": {
        "lastModified": 1788981439,
        "narHash": "sha256-fEaFq0XgpgWFPLfpq1UK4/8ylHd2T0+fo6O3hKz1LUM=",
        "owner": "zhaofengli",
        "repo": "nix-homebrew",
        "rev": "09a921d0181146cf6163ec2cc1db7b6fd539a885",
        "type": "github"
      },
      "original": {
        "owner": "zhaofengli",
        "repo": "nix-homebrew",
        "type": "github"
      }
    },
    "nix-index-database": {
      "inputs": {
        "nixpkgs": [
          "nixpkgs"
        ]
      },
      "locked": {
        "lastModified": 1789286446,
        "narHash": "sha256-xVstyCdg0DpzjyrEacm72VJAIP9DMhfWJdPDzhWxHuo=",
        "owner": "nix-community",
        "repo": "nix-index-database",
        "rev": "a74e173407559083a412ea89a1cc58ea389c3b65",
        "type": "github"
      },
      "original": {
        "owner": "nix-community",
        "repo": "nix-index-database",
        "type": "github"
      }
    },
    "nixpkgs": {
      "locked": {
        "lastModified": 1787640266,
        "narHash": "sha256-tbu/95O8ZRmCj0kfSiDvz3YT7GSnD0fO6cxLRVYtXnU=",
        "rev": "f4f698677b11021a8f84f452e23ae9ef2427bec3",
        "type": "tarball",
        "url": "https://releases.nixos.org/nixos/26.05/nixos-26.05.8409.f4f698677b11/nixexprs.tar.xz"
      },
      "original": {
        "type": "tarball",
        "url": "https://channels.nixos.org/nixos-26.05/nixexprs.tar.xz"
      }
    },
    "nixpkgs-23-11": {
      "locked": {
        "lastModified": 1717159533,
        "narHash": "sha256-oamiKNfr2MS6yH64rUn99mIZjc45nGJlj9eGth/3Xuw=",
        "owner": "NixOS",
        "repo": "nixpkgs",
        "rev": "a62e6edd6d5e1fa0329b8653c801147986f8d446",
        "type": "github"
      },
      "original": {
        "owner": "NixOS",
        "repo": "nixpkgs",
        "rev": "a62e6edd6d5e1fa0329b8653c801147986f8d446",
        "type": "github"
      }
    },
    "nixpkgs-regression": {
      "locked": {
        "lastModified": 1643052045,
        "narHash": "sha256-uGJ0VXIhWKGXxkeNnq4TvV3CIOkUJ3PAoLZ3HMzNVMw=",
        "owner": "NixOS",
        "repo": "nixpkgs",
        "rev": "215d4d0fd80ca5163643b03a33fde804a29cc1e2",
        "type": "github"
      },
      "original": {
        "owner": "NixOS",
        "repo": "nixpkgs",
        "rev": "215d4d0fd80ca5163643b03a33fde804a29cc1e2",
        "type": "github"
      }
    },
    "nixpkgs-unstable": {
      "locked": {
        "lastModified": 1789546076,
        "narHash": "sha256-zVxLZiSnmaaPLwnhj7pwmqe3axBg/C6nG5JZsJMh2g4=",
        "owner": "nixos",
        "repo": "nixpkgs",
        "rev": "b1b875982b17dabde9b4a37f3e229e74913e6db3",
        "type": "github"
      },
      "original": {
        "owner": "nixos",
        "ref": "nixos-unstable",
        "repo": "nixpkgs",
        "type": "github"
      }
    },
    "nixpkgs_2": {
      "locked": {
        "lastModified": 1787962033,
        "narHash": "sha256-u6z9VTZA4Kf3RkHQo9sQI7NI4Ei/uiU9vrMqOiwWP1Y=",
        "rev": "c5c4a43b0e8056328ec4529f735cabdb8f1942bb",
        "revCount": 1012930,
        "type": "tarball",
        "url": "https://api.flakehub.com/f/pinned/NixOS/nixpkgs/0.2605.1012930%2Brev-c5c4a43b0e8056328ec4529f735cabdb8f1942bb/01a053c0-7061-7382-b001-102e9148a5b5/source.tar.gz"
      },
      "original": {
        "type": "tarball",
        "url": "https://flakehub.com/f/NixOS/nixpkgs/0.2605"
      }
    },
    "nixpkgs_3": {
      "locked": {
        "lastModified": 1788752844,
        "narHash": "sha256-VaWGJ6+cIYN2erfSecbRV+4ljI185Ty2wUrXyvQbgOw=",
        "rev": "dc5d91f840324650bac8c379428c7037a416959a",
        "revCount": 1068949,
        "type": "tarball",
        "url": "https://api.flakehub.com/f/pinned/DeterminateSystems/nixpkgs-weekly/0.1.1068949%2Brev-dc5d91f840324650bac8c379428c7037a416959a/01a0a392-87f7-7a12-88cf-358485bd5ec1/source.tar.gz"
      },
      "original": {
        "type": "tarball",
        "url": "https://flakehub.com/f/DeterminateSystems/nixpkgs-weekly/0.1"
      }
    },
    "nixpkgs_4": {
      "locked": {
        "lastModified": 1789155820,
        "narHash": "sha256-cTHZTeYRV42p62ss3ZEFnBXrW3WpLgDpYWYyat4V2b8=",
        "owner": "nixos",
        "repo": "nixpkgs",
        "rev": "8029b6c369415ee1ef02a86f352806348f104db9",
        "type": "github"
      },
      "original": {
        "owner": "nixos",
        "ref": "nixpkgs-26.05-darwin",
        "repo": "nixpkgs",
        "type": "github"
      }
    },
    "nixpkgs_5": {
      "locked": {
        "lastModified": 1789114715,
        "narHash": "sha256-ugpsyk3NM2s87vXfUiIIiibbJ4Pp0JPS5p/3mfs+q+c=",
        "owner": "NixOS",
        "repo": "nixpkgs",
        "rev": "21a67dc470149f337cecafbe965d8d252a390518",
        "type": "github"
      },
      "original": {
        "owner": "NixOS",
        "ref": "nixos-26.05",
        "repo": "nixpkgs",
        "type": "github"
      }
    },
    "nixvim": {
      "inputs": {
        "flake-parts": "flake-parts_2",
        "nixpkgs": "nixpkgs_5",
        "systems": "systems"
      },
      "locked": {
        "lastModified": 1789311332,
        "narHash": "sha256-JNsVNLux4emA7/BeZYzzAKnBaPnkatpaf/Fwf7PQT4E=",
        "owner": "nix-community",
        "repo": "nixvim",
        "rev": "0043fc97e267fee06ac0d858399ff6fac4242a92",
        "type": "github"
      },
      "original": {
        "owner": "nix-community",
        "ref": "nixos-26.05",
        "repo": "nixvim",
        "type": "github"
      }
    },
    "root": {
      "inputs": {
        "catppuccin": "catppuccin",
        "darwin": "darwin",
        "determinate": "determinate",
        "home-manager": "home-manager",
        "homebrew-claude-history": "homebrew-claude-history",
        "homebrew-fuse-t": "homebrew-fuse-t",
        "homebrew-nikitabobko": "homebrew-nikitabobko",
        "nix-homebrew": "nix-homebrew",
        "nix-index-database": "nix-index-database",
        "nixpkgs": "nixpkgs_4",
        "nixpkgs-unstable": "nixpkgs-unstable",
        "nixvim": "nixvim",
        "sops-nix": "sops-nix"
      }
    },
    "sops-nix": {
      "inputs": {
        "nixpkgs": [
          "nixpkgs"
        ]
      },
      "locked": {
        "lastModified": 1788914643,
        "narHash": "sha256-4GuMPW90JSxXWDPUB9M+1m7fYbe3H0apOd86/zBQ2Kw=",
        "owner": "Mic92",
        "repo": "sops-nix",
        "rev": "13616fff713a9f94055c66f15687ebdc17a335df",
        "type": "github"
      },
      "original": {
        "owner": "Mic92",
        "repo": "sops-nix",
        "type": "github"
      }
    },
    "systems": {
      "locked": {
        "lastModified": 1681028828,
        "narHash": "sha256-Vy1rq5AaRuLzOxct8nz4T6wlgyUR7zLU309k9mBC768=",
        "owner": "nix-systems",
        "repo": "default",
        "rev": "da67096a3b9bf56a91d16901293e51ba5b49a27e",
        "type": "github"
      },
      "original": {
        "owner": "nix-systems",
        "repo": "default",
        "type": "github"
      }
    }
  },
  "root": "root",
  "version": 7
}
